
Microsoft Visual Studio Solution File, Format Version 12.00
# Visual Studio 15
VisualStudioVersion = 15.0.27004.2009
MinimumVisualStudioVersion = 10.0.40219.1
Project("{9A19103F-16F7-4668-BE54-9A1E7A4F7556}") = "ArchaicQuestII", "ArchaicQuestII.csproj", "{194F0C0D-407E-44AB-8E9E-C7C061C57C49}"
EndProject
Project("{9A19103F-16F7-4668-BE54-9A1E7A4F7556}") = "ArchaicQuestII-Tests", "..\ArchaicQuestII-Tests\ArchaicQuestII-Tests.csproj", "{8063C1D0-B7DC-4FDF-BD9D-72CC034B3ABE}"
EndProject
Project("{9A19103F-16F7-4668-BE54-9A1E7A4F7556}") = "ArchaicQuestII.DataAccess", "..\ArchaicQuestII.DataAccess\ArchaicQuestII.DataAccess.csproj", "{7D5B33AF-6120-4CA2-9EF5-5311B47C320C}"
EndProject
Project("{9A19103F-16F7-4668-BE54-9A1E7A4F7556}") = "ArchaicQuestII.DataAccess.Tests", "..\ArchaicQuestII.DataAccess.Tests\ArchaicQuestII.DataAccess.Tests.csproj", "{560D735B-11AC-4E40-9192-F44CFC802F0A}"
EndProject
Project("{9A19103F-16F7-4668-BE54-9A1E7A4F7556}") = "ArchaicQuestII.GameLogic", "..\ArchaicQuestII.GameLogic\ArchaicQuestII.GameLogic.csproj", "{0092FF19-A202-4D4B-BD3B-9116246AFB1C}"
EndProject
Project("{FAE04EC0-301F-11D3-BF4B-00C04F79EFBC}") = "ArchaicQuestII.API", "..\ArchaicQuestII.API\ArchaicQuestII.API.csproj", "{714AA7A5-BA64-459F-B402-7FFF067229B6}"
EndProject
Global
	GlobalSection(SolutionConfigurationPlatforms) = preSolution
		Debug|Any CPU = Debug|Any CPU
		Release|Any CPU = Release|Any CPU
	EndGlobalSection
	GlobalSection(ProjectConfigurationPlatforms) = postSolution
		{194F0C0D-407E-44AB-8E9E-C7C061C57C49}.Debug|Any CPU.ActiveCfg = Debug|Any CPU
		{194F0C0D-407E-44AB-8E9E-C7C061C57C49}.Debug|Any CPU.Build.0 = Debug|Any CPU
		{194F0C0D-407E-44AB-8E9E-C7C061C57C49}.Release|Any CPU.ActiveCfg = Release|Any CPU
		{194F0C0D-407E-44AB-8E9E-C7C061C57C49}.Release|Any CPU.Build.0 = Release|Any CPU
		{8063C1D0-B7DC-4FDF-BD9D-72CC034B3ABE}.Debug|Any CPU.ActiveCfg = Debug|Any CPU
		{8063C1D0-B7DC-4FDF-BD9D-72CC034B3ABE}.Debug|Any CPU.Build.0 = Debug|Any CPU
		{8063C1D0-B7DC-4FDF-BD9D-72CC034B3ABE}.Release|Any CPU.ActiveCfg = Release|Any CPU
		{8063C1D0-B7DC-4FDF-BD9D-72CC034B3ABE}.Release|Any CPU.Build.0 = Release|Any CPU
		{7D5B33AF-6120-4CA2-9EF5-5311B47C320C}.Debug|Any CPU.ActiveCfg = Debug|Any CPU
		{7D5B33AF-6120-4CA2-9EF5-5311B47C320C}.Debug|Any CPU.Build.0 = Debug|Any CPU
		{7D5B33AF-6120-4CA2-9EF5-5311B47C320C}.Release|Any CPU.ActiveCfg = Release|Any CPU
		{7D5B33AF-6120-4CA2-9EF5-5311B47C320C}.Release|Any CPU.Build.0 = Release|Any CPU
		{560D735B-11AC-4E40-9192-F44CFC802F0A}.Debug|Any CPU.ActiveCfg = Debug|Any CPU
		{560D735B-11AC-4E40-9192-F44CFC802F0A}.Debug|Any CPU.Build.0 = Debug|Any CPU
		{560D735B-11AC-4E40-9192-F44CFC802F0A}.Release|Any CPU.ActiveCfg = Release|Any CPU
		{560D735B-11AC-4E40-9192-F44CFC802F0A}.Release|Any CPU.Build.0 = Release|Any CPU
		{0092FF19-A202-4D4B-BD3B-9116246AFB1C}.Debug|Any CPU.ActiveCfg = Debug|Any CPU
		{0092FF19-A202-4D4B-BD3B-9116246AFB1C}.Debug|Any CPU.Build.0 = Debug|Any CPU
		{0092FF19-A202-4D4B-BD3B-9116246AFB1C}.Release|Any CPU.ActiveCfg = Release|Any CPU
		{0092FF19-A202-4D4B-BD3B-9116246AFB1C}.Release|Any CPU.Build.0 = Release|Any CPU
		{714AA7A5-BA64-459F-B402-7FFF067229B6}.Debug|Any CPU.ActiveCfg = Debug|Any CPU
		{714AA7A5-BA64-459F-B402-7FFF067229B6}.Debug|Any CPU.Build.0 = Debug|Any CPU
		{714AA7A5-BA64-459F-B402-7FFF067229B6}.Release|Any CPU.ActiveCfg = Release|Any CPU
		{714AA7A5-BA64-459F-B402-7FFF067229B6}.Release|Any CPU.Build.0 = Release|Any CPU
	EndGlobalSection
	GlobalSection(SolutionProperties) = preSolution
		HideSolutionNode = FALSE
	EndGlobalSection
	GlobalSection(ExtensibilityGlobals) = postSolution
		SolutionGuid = {DF960F6B-718A-4A4A-88D9-D5278B60E678}
	EndGlobalSection
EndGlobal
